{
  "name": "canvas-drawable",
  "version": "1.0.6",
  "lockfileVersion": 1,
  "requires": true,
  "dependencies": {
    "@types/node": {
      "version": "9.4.1",
      "resolved": "https://registry.npmjs.org/@types/node/-/node-9.4.1.tgz",
      "integrity": "sha512-9ESUxmXt1Isc1xKfDBZ7tpULyTPY5ZCywcfvQTXoLUqP+n4D+MBH+0n75hdzrcmfCc3eWByOi27+GLmMuAvcUA=="
    },
    "ntypescript": {
      "version": "1.201706190042.1",
      "resolved": "https://registry.npmjs.org/ntypescript/-/ntypescript-1.201706190042.1.tgz",
      "integrity": "sha1-hmrpzDZoixQWBhVu0LzDXN9TYnE=",
      "dev": true
    }
  }
}
